
Microsoft Visual Studio Solution File, Format Version 12.00
# Visual Studio 2012
Project("{FAE04EC0-301F-11D3-BF4B-00C04F79EFBC}") = "Whisk", "Whisk\Whisk.csproj", "{DCDD43AD-2890-43FF-BD04-6B47BE073E27}"
EndProject
Project("{FAE04EC0-301F-11D3-BF4B-00C04F79EFBC}") = "Whisk.Tests", "Whisk.Tests\Whisk.Tests.csproj", "{6F49BDD5-44F2-47E8-96C7-864A5CBFEE85}"
EndProject
Global
	GlobalSection(SolutionConfigurationPlatforms) = preSolution
		Debug|Any CPU = Debug|Any CPU
		Release|Any CPU = Release|Any CPU
	EndGlobalSection
	GlobalSection(ProjectConfigurationPlatforms) = postSolution
		{DCDD43AD-2890-43FF-BD04-6B47BE073E27}.Debug|Any CPU.ActiveCfg = Debug|Any CPU
		{DCDD43AD-2890-43FF-BD04-6B47BE073E27}.Debug|Any CPU.Build.0 = Debug|Any CPU
		{DCDD43AD-2890-43FF-BD04-6B47BE073E27}.Release|Any CPU.ActiveCfg = Release|Any CPU
		{DCDD43AD-2890-43FF-BD04-6B47BE073E27}.Release|Any CPU.Build.0 = Release|Any CPU
		{6F49BDD5-44F2-47E8-96C7-864A5CBFEE85}.Debug|Any CPU.ActiveCfg = Debug|Any CPU
		{6F49BDD5-44F2-47E8-96C7-864A5CBFEE85}.Debug|Any CPU.Build.0 = Debug|Any CPU
		{6F49BDD5-44F2-47E8-96C7-864A5CBFEE85}.Release|Any CPU.ActiveCfg = Release|Any CPU
		{6F49BDD5-44F2-47E8-96C7-864A5CBFEE85}.Release|Any CPU.Build.0 = Release|Any CPU
	EndGlobalSection
	GlobalSection(SolutionProperties) = preSolution
		HideSolutionNode = FALSE
	EndGlobalSection
EndGlobal
